
Microsoft Visual Studio Solution File, Format Version 12.00
# Visual Studio Version 17
VisualStudioVersion = 17.4.33213.308
MinimumVisualStudioVersion = 10.0.40219.1
Project("{FAE04EC0-301F-11D3-BF4B-00C04F79EFBC}") = "SortingAlgorithms", "SortingAlgorithms\SortingAlgorithms.csproj", "{739FC4FA-8394-4D74-B500-368630401D9B}"
EndProject
Global
	GlobalSection(SolutionConfigurationPlatforms) = preSolution
		Debug|Any CPU = Debug|Any CPU
		Release|Any CPU = Release|Any CPU
	EndGlobalSection
	GlobalSection(ProjectConfigurationPlatforms) = postSolution
		{739FC4FA-8394-4D74-B500-368630401D9B}.Debug|Any CPU.ActiveCfg = Debug|Any CPU
		{739FC4FA-8394-4D74-B500-368630401D9B}.Debug|Any CPU.Build.0 = Debug|Any CPU
		{739FC4FA-8394-4D74-B500-368630401D9B}.Release|Any CPU.ActiveCfg = Release|Any CPU
		{739FC4FA-8394-4D74-B500-368630401D9B}.Release|Any CPU.Build.0 = Release|Any CPU
	EndGlobalSection
	GlobalSection(SolutionProperties) = preSolution
		HideSolutionNode = FALSE
	EndGlobalSection
	GlobalSection(ExtensibilityGlobals) = postSolution
		SolutionGuid = {CB4896A8-E602-422C-A6BD-C0DBA1214D19}
	EndGlobalSection
EndGlobal
